<Solution>
  <Project Path="VehicleAppointments.Application/VehicleAppointments.Application.csproj" />
  <Project Path="VehicleAppointments.Domain/VehicleAppointments.Domain.csproj" />
  <Project Path="VehicleAppointments.Infrastructure/VehicleAppointments.Infrastructure.csproj" />
  <Project Path="VehicleAppointments.Tests/VehicleAppointments.Tests.csproj" />
  <Project Path="VehicleAppointments.Web/VehicleAppointments.Web.csproj" />
</Solution>
