<Solution>
  <Project Path="HexagonalApi.Application/VehicleAppointments.Application.csproj" />
  <Project Path="HexagonalApi.Domain/VehicleAppointments.Domain.csproj" />
  <Project Path="HexagonalApi.Infrastructure/VehicleAppointments.Infrastructure.csproj" />
  <Project Path="HexagonalApi.Tests/VehicleAppointments.Tests.csproj" />
  <Project Path="HexagonalApi.Web/VehicleAppointments.Web.csproj" />
</Solution>
